// !$*UTF8*$!
{
	archiveVersion = 1;
	classes = {
	};
	objectVersion = 56;
	objects = {

/* Begin PBXBuildFile section */
		5744A42E2B73D23A00DEE016 /* GFTextField.swift in Sources */ = {isa = PBXBuildFile; fileRef = 5744A42D2B73D23A00DEE016 /* GFTextField.swift */; };
		5744A4302B73E54200DEE016 /* FollowerListVC.swift in Sources */ = {isa = PBXBuildFile; fileRef = 5744A42F2B73E54200DEE016 /* FollowerListVC.swift */; };
		5744A4322B73F04000DEE016 /* GFTitleLabel.swift in Sources */ = {isa = PBXBuildFile; fileRef = 5744A4312B73F04000DEE016 /* GFTitleLabel.swift */; };
		5744A4342B73F23600DEE016 /* GFBodyLabel.swift in Sources */ = {isa = PBXBuildFile; fileRef = 5744A4332B73F23600DEE016 /* GFBodyLabel.swift */; };
		5744A4362B73F33E00DEE016 /* GFAlertVC.swift in Sources */ = {isa = PBXBuildFile; fileRef = 5744A4352B73F33E00DEE016 /* GFAlertVC.swift */; };
		5744A4382B73FE7A00DEE016 /* UIViewController+Ext.swift in Sources */ = {isa = PBXBuildFile; fileRef = 5744A4372B73FE7A00DEE016 /* UIViewController+Ext.swift */; };
		5745151C2B7A72AD00CC0CA1 /* GFItemInfoVC.swift in Sources */ = {isa = PBXBuildFile; fileRef = 5745151B2B7A72AD00CC0CA1 /* GFItemInfoVC.swift */; };
		5745151E2B7A7C1300CC0CA1 /* GFRepoItemVC.swift in Sources */ = {isa = PBXBuildFile; fileRef = 5745151D2B7A7C1300CC0CA1 /* GFRepoItemVC.swift */; };
		574515202B7A7F0700CC0CA1 /* GFFollowerItemVC.swift in Sources */ = {isa = PBXBuildFile; fileRef = 5745151F2B7A7F0700CC0CA1 /* GFFollowerItemVC.swift */; };
		574515232B7A865E00CC0CA1 /* Date+Ext.swift in Sources */ = {isa = PBXBuildFile; fileRef = 574515222B7A865E00CC0CA1 /* Date+Ext.swift */; };
		574515252B7A88A600CC0CA1 /* String+Ext.swift in Sources */ = {isa = PBXBuildFile; fileRef = 574515242B7A88A600CC0CA1 /* String+Ext.swift */; };
		574E2FAA2B753AC900F2BCA1 /* Follower.swift in Sources */ = {isa = PBXBuildFile; fileRef = 574E2FA92B753AC900F2BCA1 /* Follower.swift */; };
		574E2FAC2B753BF900F2BCA1 /* User.swift in Sources */ = {isa = PBXBuildFile; fileRef = 574E2FAB2B753BF900F2BCA1 /* User.swift */; };
		574E2FAF2B75448000F2BCA1 /* NetworkManager.swift in Sources */ = {isa = PBXBuildFile; fileRef = 574E2FAE2B75448000F2BCA1 /* NetworkManager.swift */; };
		574FE5712B7D03C7000162FC /* PersistenceManager.swift in Sources */ = {isa = PBXBuildFile; fileRef = 574FE5702B7D03C7000162FC /* PersistenceManager.swift */; };
		574FE5732B7D29F7000162FC /* FavoriteCell.swift in Sources */ = {isa = PBXBuildFile; fileRef = 574FE5722B7D29F7000162FC /* FavoriteCell.swift */; };
		575136C12B77C4A300B9DB4A /* GFEmptyStateView.swift in Sources */ = {isa = PBXBuildFile; fileRef = 575136C02B77C4A300B9DB4A /* GFEmptyStateView.swift */; };
		5751BA542B714DC700763193 /* AppDelegate.swift in Sources */ = {isa = PBXBuildFile; fileRef = 5751BA532B714DC700763193 /* AppDelegate.swift */; };
		5751BA562B714DC700763193 /* SceneDelegate.swift in Sources */ = {isa = PBXBuildFile; fileRef = 5751BA552B714DC700763193 /* SceneDelegate.swift */; };
		5751BA5D2B714DC900763193 /* Assets.xcassets in Resources */ = {isa = PBXBuildFile; fileRef = 5751BA5C2B714DC900763193 /* Assets.xcassets */; };
		5751BA602B714DC900763193 /* LaunchScreen.storyboard in Resources */ = {isa = PBXBuildFile; fileRef = 5751BA5E2B714DC900763193 /* LaunchScreen.storyboard */; };
		575786662B769855009D3DA7 /* FollowerCell.swift in Sources */ = {isa = PBXBuildFile; fileRef = 575786652B769855009D3DA7 /* FollowerCell.swift */; };
		575786682B7699FF009D3DA7 /* GFAvatarImageView.swift in Sources */ = {isa = PBXBuildFile; fileRef = 575786672B7699FF009D3DA7 /* GFAvatarImageView.swift */; };
		5757A96C2B78D2780073568D /* UserInfoVC.swift in Sources */ = {isa = PBXBuildFile; fileRef = 5757A96B2B78D2780073568D /* UserInfoVC.swift */; };
		5757A96E2B78E5830073568D /* GFError.swift in Sources */ = {isa = PBXBuildFile; fileRef = 5757A96D2B78E5830073568D /* GFError.swift */; };
		5757A9702B78EC900073568D /* GFUserInfoHeaderVC.swift in Sources */ = {isa = PBXBuildFile; fileRef = 5757A96F2B78EC900073568D /* GFUserInfoHeaderVC.swift */; };
		5757A9722B78EE380073568D /* GFSecondaryTitleLabel.swift in Sources */ = {isa = PBXBuildFile; fileRef = 5757A9712B78EE380073568D /* GFSecondaryTitleLabel.swift */; };
		5757A9742B7910FB0073568D /* Constants.swift in Sources */ = {isa = PBXBuildFile; fileRef = 5757A9732B7910FB0073568D /* Constants.swift */; };
		5757A9762B7934D60073568D /* GFItemInfoView.swift in Sources */ = {isa = PBXBuildFile; fileRef = 5757A9752B7934D60073568D /* GFItemInfoView.swift */; };
		575A69D52B775ADD000E7A07 /* UIHelper.swift in Sources */ = {isa = PBXBuildFile; fileRef = 575A69D42B775ADD000E7A07 /* UIHelper.swift */; };
		57601F222B72711E0055BA16 /* SearchVC.swift in Sources */ = {isa = PBXBuildFile; fileRef = 57601F212B72711E0055BA16 /* SearchVC.swift */; };
		57601F242B72715B0055BA16 /* FavoritesListVC.swift in Sources */ = {isa = PBXBuildFile; fileRef = 57601F232B72715B0055BA16 /* FavoritesListVC.swift */; };
		57601F262B7282750055BA16 /* GFButton.swift in Sources */ = {isa = PBXBuildFile; fileRef = 57601F252B7282750055BA16 /* GFButton.swift */; };
/* End PBXBuildFile section */

/* Begin PBXFileReference section */
		5744A42D2B73D23A00DEE016 /* GFTextField.swift */ = {isa = PBXFileReference; lastKnownFileType = sourcecode.swift; path = GFTextField.swift; sourceTree = "<group>"; };
		5744A42F2B73E54200DEE016 /* FollowerListVC.swift */ = {isa = PBXFileReference; lastKnownFileType = sourcecode.swift; path = FollowerListVC.swift; sourceTree = "<group>"; };
		5744A4312B73F04000DEE016 /* GFTitleLabel.swift */ = {isa = PBXFileReference; lastKnownFileType = sourcecode.swift; path = GFTitleLabel.swift; sourceTree = "<group>"; };
		5744A4332B73F23600DEE016 /* GFBodyLabel.swift */ = {isa = PBXFileReference; lastKnownFileType = sourcecode.swift; path = GFBodyLabel.swift; sourceTree = "<group>"; };
		5744A4352B73F33E00DEE016 /* GFAlertVC.swift */ = {isa = PBXFileReference; lastKnownFileType = sourcecode.swift; path = GFAlertVC.swift; sourceTree = "<group>"; };
		5744A4372B73FE7A00DEE016 /* UIViewController+Ext.swift */ = {isa = PBXFileReference; lastKnownFileType = sourcecode.swift; path = "UIViewController+Ext.swift"; sourceTree = "<group>"; };
		5745151B2B7A72AD00CC0CA1 /* GFItemInfoVC.swift */ = {isa = PBXFileReference; lastKnownFileType = sourcecode.swift; path = GFItemInfoVC.swift; sourceTree = "<group>"; };
		5745151D2B7A7C1300CC0CA1 /* GFRepoItemVC.swift */ = {isa = PBXFileReference; lastKnownFileType = sourcecode.swift; path = GFRepoItemVC.swift; sourceTree = "<group>"; };
		5745151F2B7A7F0700CC0CA1 /* GFFollowerItemVC.swift */ = {isa = PBXFileReference; lastKnownFileType = sourcecode.swift; path = GFFollowerItemVC.swift; sourceTree = "<group>"; };
		574515222B7A865E00CC0CA1 /* Date+Ext.swift */ = {isa = PBXFileReference; lastKnownFileType = sourcecode.swift; path = "Date+Ext.swift"; sourceTree = "<group>"; };
		574515242B7A88A600CC0CA1 /* String+Ext.swift */ = {isa = PBXFileReference; lastKnownFileType = sourcecode.swift; path = "String+Ext.swift"; sourceTree = "<group>"; };
		574E2FA92B753AC900F2BCA1 /* Follower.swift */ = {isa = PBXFileReference; lastKnownFileType = sourcecode.swift; path = Follower.swift; sourceTree = "<group>"; };
		574E2FAB2B753BF900F2BCA1 /* User.swift */ = {isa = PBXFileReference; lastKnownFileType = sourcecode.swift; path = User.swift; sourceTree = "<group>"; };
		574E2FAE2B75448000F2BCA1 /* NetworkManager.swift */ = {isa = PBXFileReference; lastKnownFileType = sourcecode.swift; path = NetworkManager.swift; sourceTree = "<group>"; };
		574FE5702B7D03C7000162FC /* PersistenceManager.swift */ = {isa = PBXFileReference; lastKnownFileType = sourcecode.swift; path = PersistenceManager.swift; sourceTree = "<group>"; };
		574FE5722B7D29F7000162FC /* FavoriteCell.swift */ = {isa = PBXFileReference; lastKnownFileType = sourcecode.swift; path = FavoriteCell.swift; sourceTree = "<group>"; };
		575136C02B77C4A300B9DB4A /* GFEmptyStateView.swift */ = {isa = PBXFileReference; lastKnownFileType = sourcecode.swift; path = GFEmptyStateView.swift; sourceTree = "<group>"; };
		5751BA502B714DC700763193 /* GHFollowers.app */ = {isa = PBXFileReference; explicitFileType = wrapper.application; includeInIndex = 0; path = GHFollowers.app; sourceTree = BUILT_PRODUCTS_DIR; };
		5751BA532B714DC700763193 /* AppDelegate.swift */ = {isa = PBXFileReference; lastKnownFileType = sourcecode.swift; path = AppDelegate.swift; sourceTree = "<group>"; };
		5751BA552B714DC700763193 /* SceneDelegate.swift */ = {isa = PBXFileReference; lastKnownFileType = sourcecode.swift; path = SceneDelegate.swift; sourceTree = "<group>"; };
		5751BA5C2B714DC900763193 /* Assets.xcassets */ = {isa = PBXFileReference; lastKnownFileType = folder.assetcatalog; path = Assets.xcassets; sourceTree = "<group>"; };
		5751BA5F2B714DC900763193 /* Base */ = {isa = PBXFileReference; lastKnownFileType = file.storyboard; name = Base; path = Base.lproj/LaunchScreen.storyboard; sourceTree = "<group>"; };
		5751BA612B714DC900763193 /* Info.plist */ = {isa = PBXFileReference; lastKnownFileType = text.plist.xml; path = Info.plist; sourceTree = "<group>"; };
		575786652B769855009D3DA7 /* FollowerCell.swift */ = {isa = PBXFileReference; lastKnownFileType = sourcecode.swift; path = FollowerCell.swift; sourceTree = "<group>"; };
		575786672B7699FF009D3DA7 /* GFAvatarImageView.swift */ = {isa = PBXFileReference; lastKnownFileType = sourcecode.swift; path = GFAvatarImageView.swift; sourceTree = "<group>"; };
		5757A96B2B78D2780073568D /* UserInfoVC.swift */ = {isa = PBXFileReference; lastKnownFileType = sourcecode.swift; path = UserInfoVC.swift; sourceTree = "<group>"; };
		5757A96D2B78E5830073568D /* GFError.swift */ = {isa = PBXFileReference; lastKnownFileType = sourcecode.swift; path = GFError.swift; sourceTree = "<group>"; };
		5757A96F2B78EC900073568D /* GFUserInfoHeaderVC.swift */ = {isa = PBXFileReference; lastKnownFileType = sourcecode.swift; path = GFUserInfoHeaderVC.swift; sourceTree = "<group>"; };
		5757A9712B78EE380073568D /* GFSecondaryTitleLabel.swift */ = {isa = PBXFileReference; lastKnownFileType = sourcecode.swift; path = GFSecondaryTitleLabel.swift; sourceTree = "<group>"; };
		5757A9732B7910FB0073568D /* Constants.swift */ = {isa = PBXFileReference; lastKnownFileType = sourcecode.swift; path = Constants.swift; sourceTree = "<group>"; };
		5757A9752B7934D60073568D /* GFItemInfoView.swift */ = {isa = PBXFileReference; lastKnownFileType = sourcecode.swift; path = GFItemInfoView.swift; sourceTree = "<group>"; };
		575A69D42B775ADD000E7A07 /* UIHelper.swift */ = {isa = PBXFileReference; lastKnownFileType = sourcecode.swift; path = UIHelper.swift; sourceTree = "<group>"; };
		57601F212B72711E0055BA16 /* SearchVC.swift */ = {isa = PBXFileReference; lastKnownFileType = sourcecode.swift; path = SearchVC.swift; sourceTree = "<group>"; };
		57601F232B72715B0055BA16 /* FavoritesListVC.swift */ = {isa = PBXFileReference; lastKnownFileType = sourcecode.swift; path = FavoritesListVC.swift; sourceTree = "<group>"; };
		57601F252B7282750055BA16 /* GFButton.swift */ = {isa = PBXFileReference; lastKnownFileType = sourcecode.swift; path = GFButton.swift; sourceTree = "<group>"; };
/* End PBXFileReference section */

/* Begin PBXFrameworksBuildPhase section */
		5751BA4D2B714DC700763193 /* Frameworks */ = {
			isa = PBXFrameworksBuildPhase;
			buildActionMask = 2147483647;
			files = (
			);
			runOnlyForDeploymentPostprocessing = 0;
		};
/* End PBXFrameworksBuildPhase section */

/* Begin PBXGroup section */
		574515212B7A7F9D00CC0CA1 /* ItemInfoVCs */ = {
			isa = PBXGroup;
			children = (
				5745151B2B7A72AD00CC0CA1 /* GFItemInfoVC.swift */,
				5745151D2B7A7C1300CC0CA1 /* GFRepoItemVC.swift */,
				5745151F2B7A7F0700CC0CA1 /* GFFollowerItemVC.swift */,
			);
			path = ItemInfoVCs;
			sourceTree = "<group>";
		};
		574E2FA42B75344000F2BCA1 /* Screens */ = {
			isa = PBXGroup;
			children = (
				57601F212B72711E0055BA16 /* SearchVC.swift */,
				57601F232B72715B0055BA16 /* FavoritesListVC.swift */,
				5744A42F2B73E54200DEE016 /* FollowerListVC.swift */,
				5757A96B2B78D2780073568D /* UserInfoVC.swift */,
			);
			path = Screens;
			sourceTree = "<group>";
		};
		574E2FA52B7534A200F2BCA1 /* Custom Views */ = {
			isa = PBXGroup;
			children = (
				575136BF2B77C42000B9DB4A /* Labels */,
				575136BE2B77C2D200B9DB4A /* ViewControllers */,
				575136BD2B77C2C500B9DB4A /* ImageViews */,
				575136BC2B77C2B800B9DB4A /* TextFields */,
				575136BB2B77C2AF00B9DB4A /* Buttons */,
				575136BA2B77C2A500B9DB4A /* Views */,
				575786642B7697FB009D3DA7 /* Cells */,
			);
			path = "Custom Views";
			sourceTree = "<group>";
		};
		574E2FA62B75354300F2BCA1 /* Extensions */ = {
			isa = PBXGroup;
			children = (
				5744A4372B73FE7A00DEE016 /* UIViewController+Ext.swift */,
				574515222B7A865E00CC0CA1 /* Date+Ext.swift */,
				574515242B7A88A600CC0CA1 /* String+Ext.swift */,
			);
			path = Extensions;
			sourceTree = "<group>";
		};
		574E2FA72B7535D900F2BCA1 /* Support */ = {
			isa = PBXGroup;
			children = (
				5751BA532B714DC700763193 /* AppDelegate.swift */,
				5751BA552B714DC700763193 /* SceneDelegate.swift */,
				5751BA5C2B714DC900763193 /* Assets.xcassets */,
				5751BA5E2B714DC900763193 /* LaunchScreen.storyboard */,
			);
			path = Support;
			sourceTree = "<group>";
		};
		574E2FA82B753AAE00F2BCA1 /* Model */ = {
			isa = PBXGroup;
			children = (
				574E2FA92B753AC900F2BCA1 /* Follower.swift */,
				574E2FAB2B753BF900F2BCA1 /* User.swift */,
			);
			path = Model;
			sourceTree = "<group>";
		};
		574E2FAD2B75446200F2BCA1 /* Managers */ = {
			isa = PBXGroup;
			children = (
				574E2FAE2B75448000F2BCA1 /* NetworkManager.swift */,
				574FE5702B7D03C7000162FC /* PersistenceManager.swift */,
			);
			path = Managers;
			sourceTree = "<group>";
		};
		574E2FB02B75539800F2BCA1 /* Utilities */ = {
			isa = PBXGroup;
			children = (
				575A69D42B775ADD000E7A07 /* UIHelper.swift */,
				5757A96D2B78E5830073568D /* GFError.swift */,
				5757A9732B7910FB0073568D /* Constants.swift */,
			);
			path = Utilities;
			sourceTree = "<group>";
		};
		575136BA2B77C2A500B9DB4A /* Views */ = {
			isa = PBXGroup;
			children = (
				575136C02B77C4A300B9DB4A /* GFEmptyStateView.swift */,
				5757A9752B7934D60073568D /* GFItemInfoView.swift */,
			);
			path = Views;
			sourceTree = "<group>";
		};
		575136BB2B77C2AF00B9DB4A /* Buttons */ = {
			isa = PBXGroup;
			children = (
				57601F252B7282750055BA16 /* GFButton.swift */,
			);
			path = Buttons;
			sourceTree = "<group>";
		};
		575136BC2B77C2B800B9DB4A /* TextFields */ = {
			isa = PBXGroup;
			children = (
				5744A42D2B73D23A00DEE016 /* GFTextField.swift */,
			);
			path = TextFields;
			sourceTree = "<group>";
		};
		575136BD2B77C2C500B9DB4A /* ImageViews */ = {
			isa = PBXGroup;
			children = (
				575786672B7699FF009D3DA7 /* GFAvatarImageView.swift */,
			);
			path = ImageViews;
			sourceTree = "<group>";
		};
		575136BE2B77C2D200B9DB4A /* ViewControllers */ = {
			isa = PBXGroup;
			children = (
				574515212B7A7F9D00CC0CA1 /* ItemInfoVCs */,
				5744A4352B73F33E00DEE016 /* GFAlertVC.swift */,
				5757A96F2B78EC900073568D /* GFUserInfoHeaderVC.swift */,
			);
			path = ViewControllers;
			sourceTree = "<group>";
		};
		575136BF2B77C42000B9DB4A /* Labels */ = {
			isa = PBXGroup;
			children = (
				5744A4312B73F04000DEE016 /* GFTitleLabel.swift */,
				5744A4332B73F23600DEE016 /* GFBodyLabel.swift */,
				5757A9712B78EE380073568D /* GFSecondaryTitleLabel.swift */,
			);
			path = Labels;
			sourceTree = "<group>";
		};
		5751BA472B714DC600763193 = {
			isa = PBXGroup;
			children = (
				5751BA522B714DC700763193 /* GHFollowers */,
				5751BA512B714DC700763193 /* Products */,
			);
			sourceTree = "<group>";
		};
		5751BA512B714DC700763193 /* Products */ = {
			isa = PBXGroup;
			children = (
				5751BA502B714DC700763193 /* GHFollowers.app */,
			);
			name = Products;
			sourceTree = "<group>";
		};
		5751BA522B714DC700763193 /* GHFollowers */ = {
			isa = PBXGroup;
			children = (
				574E2FB02B75539800F2BCA1 /* Utilities */,
				574E2FAD2B75446200F2BCA1 /* Managers */,
				574E2FA82B753AAE00F2BCA1 /* Model */,
				574E2FA72B7535D900F2BCA1 /* Support */,
				574E2FA62B75354300F2BCA1 /* Extensions */,
				574E2FA52B7534A200F2BCA1 /* Custom Views */,
				574E2FA42B75344000F2BCA1 /* Screens */,
				5751BA612B714DC900763193 /* Info.plist */,
			);
			path = GHFollowers;
			sourceTree = "<group>";
		};
		575786642B7697FB009D3DA7 /* Cells */ = {
			isa = PBXGroup;
			children = (
				575786652B769855009D3DA7 /* FollowerCell.swift */,
				574FE5722B7D29F7000162FC /* FavoriteCell.swift */,
			);
			path = Cells;
			sourceTree = "<group>";
		};
/* End PBXGroup section */

/* Begin PBXNativeTarget section */
		5751BA4F2B714DC700763193 /* GHFollowers */ = {
			isa = PBXNativeTarget;
			buildConfigurationList = 5751BA642B714DC900763193 /* Build configuration list for PBXNativeTarget "GHFollowers" */;
			buildPhases = (
				5751BA4C2B714DC700763193 /* Sources */,
				5751BA4D2B714DC700763193 /* Frameworks */,
				5751BA4E2B714DC700763193 /* Resources */,
			);
			buildRules = (
			);
			dependencies = (
			);
			name = GHFollowers;
			productName = GHFollowers;
			productReference = 5751BA502B714DC700763193 /* GHFollowers.app */;
			productType = "com.apple.product-type.application";
		};
/* End PBXNativeTarget section */

/* Begin PBXProject section */
		5751BA482B714DC600763193 /* Project object */ = {
			isa = PBXProject;
			attributes = {
				BuildIndependentTargetsInParallel = 1;
				LastSwiftUpdateCheck = 1510;
				LastUpgradeCheck = 1510;
				TargetAttributes = {
					5751BA4F2B714DC700763193 = {
						CreatedOnToolsVersion = 15.1;
					};
				};
			};
			buildConfigurationList = 5751BA4B2B714DC600763193 /* Build configuration list for PBXProject "GHFollowers" */;
			compatibilityVersion = "Xcode 14.0";
			developmentRegion = en;
			hasScannedForEncodings = 0;
			knownRegions = (
				en,
				Base,
			);
			mainGroup = 5751BA472B714DC600763193;
			productRefGroup = 5751BA512B714DC700763193 /* Products */;
			projectDirPath = "";
			projectRoot = "";
			targets = (
				5751BA4F2B714DC700763193 /* GHFollowers */,
			);
		};
/* End PBXProject section */

/* Begin PBXResourcesBuildPhase section */
		5751BA4E2B714DC700763193 /* Resources */ = {
			isa = PBXResourcesBuildPhase;
			buildActionMask = 2147483647;
			files = (
				5751BA602B714DC900763193 /* LaunchScreen.storyboard in Resources */,
				5751BA5D2B714DC900763193 /* Assets.xcassets in Resources */,
			);
			runOnlyForDeploymentPostprocessing = 0;
		};
/* End PBXResourcesBuildPhase section */

/* Begin PBXSourcesBuildPhase section */
		5751BA4C2B714DC700763193 /* Sources */ = {
			isa = PBXSourcesBuildPhase;
			buildActionMask = 2147483647;
			files = (
				574E2FAC2B753BF900F2BCA1 /* User.swift in Sources */,
				5744A42E2B73D23A00DEE016 /* GFTextField.swift in Sources */,
				57601F242B72715B0055BA16 /* FavoritesListVC.swift in Sources */,
				574515252B7A88A600CC0CA1 /* String+Ext.swift in Sources */,
				57601F262B7282750055BA16 /* GFButton.swift in Sources */,
				5744A4382B73FE7A00DEE016 /* UIViewController+Ext.swift in Sources */,
				575A69D52B775ADD000E7A07 /* UIHelper.swift in Sources */,
				5745151C2B7A72AD00CC0CA1 /* GFItemInfoVC.swift in Sources */,
				5757A9742B7910FB0073568D /* Constants.swift in Sources */,
				575786682B7699FF009D3DA7 /* GFAvatarImageView.swift in Sources */,
				57601F222B72711E0055BA16 /* SearchVC.swift in Sources */,
				5744A4362B73F33E00DEE016 /* GFAlertVC.swift in Sources */,
				574515202B7A7F0700CC0CA1 /* GFFollowerItemVC.swift in Sources */,
				5757A9762B7934D60073568D /* GFItemInfoView.swift in Sources */,
				574FE5732B7D29F7000162FC /* FavoriteCell.swift in Sources */,
				575786662B769855009D3DA7 /* FollowerCell.swift in Sources */,
				5744A4342B73F23600DEE016 /* GFBodyLabel.swift in Sources */,
				5757A9702B78EC900073568D /* GFUserInfoHeaderVC.swift in Sources */,
				5757A96E2B78E5830073568D /* GFError.swift in Sources */,
				574E2FAA2B753AC900F2BCA1 /* Follower.swift in Sources */,
				5744A4322B73F04000DEE016 /* GFTitleLabel.swift in Sources */,
				574515232B7A865E00CC0CA1 /* Date+Ext.swift in Sources */,
				574FE5712B7D03C7000162FC /* PersistenceManager.swift in Sources */,
				5757A9722B78EE380073568D /* GFSecondaryTitleLabel.swift in Sources */,
				575136C12B77C4A300B9DB4A /* GFEmptyStateView.swift in Sources */,
				574E2FAF2B75448000F2BCA1 /* NetworkManager.swift in Sources */,
				5744A4302B73E54200DEE016 /* FollowerListVC.swift in Sources */,
				5751BA542B714DC700763193 /* AppDelegate.swift in Sources */,
				5751BA562B714DC700763193 /* SceneDelegate.swift in Sources */,
				5745151E2B7A7C1300CC0CA1 /* GFRepoItemVC.swift in Sources */,
				5757A96C2B78D2780073568D /* UserInfoVC.swift in Sources */,
			);
			runOnlyForDeploymentPostprocessing = 0;
		};
/* End PBXSourcesBuildPhase section */

/* Begin PBXVariantGroup section */
		5751BA5E2B714DC900763193 /* LaunchScreen.storyboard */ = {
			isa = PBXVariantGroup;
			children = (
				5751BA5F2B714DC900763193 /* Base */,
			);
			name = LaunchScreen.storyboard;
			sourceTree = "<group>";
		};
/* End PBXVariantGroup section */

/* Begin XCBuildConfiguration section */
		5751BA622B714DC900763193 /* Debug */ = {
			isa = XCBuildConfiguration;
			buildSettings = {
				ALWAYS_SEARCH_USER_PATHS = NO;
				ASSETCATALOG_COMPILER_GENERATE_SWIFT_ASSET_SYMBOL_EXTENSIONS = YES;
				CLANG_ANALYZER_NONNULL = YES;
				CLANG_ANALYZER_NUMBER_OBJECT_CONVERSION = YES_AGGRESSIVE;
				CLANG_CXX_LANGUAGE_STANDARD = "gnu++20";
				CLANG_ENABLE_MODULES = YES;
				CLANG_ENABLE_OBJC_ARC = YES;
				CLANG_ENABLE_OBJC_WEAK = YES;
				CLANG_WARN_BLOCK_CAPTURE_AUTORELEASING = YES;
				CLANG_WARN_BOOL_CONVERSION = YES;
				CLANG_WARN_COMMA = YES;
				CLANG_WARN_CONSTANT_CONVERSION = YES;
				CLANG_WARN_DEPRECATED_OBJC_IMPLEMENTATIONS = YES;
				CLANG_WARN_DIRECT_OBJC_ISA_USAGE = YES_ERROR;
				CLANG_WARN_DOCUMENTATION_COMMENTS = YES;
				CLANG_WARN_EMPTY_BODY = YES;
				CLANG_WARN_ENUM_CONVERSION = YES;
				CLANG_WARN_INFINITE_RECURSION = YES;
				CLANG_WARN_INT_CONVERSION = YES;
				CLANG_WARN_NON_LITERAL_NULL_CONVERSION = YES;
				CLANG_WARN_OBJC_IMPLICIT_RETAIN_SELF = YES;
				CLANG_WARN_OBJC_LITERAL_CONVERSION = YES;
				CLANG_WARN_OBJC_ROOT_CLASS = YES_ERROR;
				CLANG_WARN_QUOTED_INCLUDE_IN_FRAMEWORK_HEADER = YES;
				CLANG_WARN_RANGE_LOOP_ANALYSIS = YES;
				CLANG_WARN_STRICT_PROTOTYPES = YES;
				CLANG_WARN_SUSPICIOUS_MOVE = YES;
				CLANG_WARN_UNGUARDED_AVAILABILITY = YES_AGGRESSIVE;
				CLANG_WARN_UNREACHABLE_CODE = YES;
				CLANG_WARN__DUPLICATE_METHOD_MATCH = YES;
				COPY_PHASE_STRIP = NO;
				DEBUG_INFORMATION_FORMAT = dwarf;
				ENABLE_STRICT_OBJC_MSGSEND = YES;
				ENABLE_TESTABILITY = YES;
				ENABLE_USER_SCRIPT_SANDBOXING = YES;
				GCC_C_LANGUAGE_STANDARD = gnu17;
				GCC_DYNAMIC_NO_PIC = NO;
				GCC_NO_COMMON_BLOCKS = YES;
				GCC_OPTIMIZATION_LEVEL = 0;
				GCC_PREPROCESSOR_DEFINITIONS = (
					"DEBUG=1",
					"$(inherited)",
				);
				GCC_WARN_64_TO_32_BIT_CONVERSION = YES;
				GCC_WARN_ABOUT_RETURN_TYPE = YES_ERROR;
				GCC_WARN_UNDECLARED_SELECTOR = YES;
				GCC_WARN_UNINITIALIZED_AUTOS = YES_AGGRESSIVE;
				GCC_WARN_UNUSED_FUNCTION = YES;
				GCC_WARN_UNUSED_VARIABLE = YES;
				IPHONEOS_DEPLOYMENT_TARGET = 17.2;
				LOCALIZATION_PREFERS_STRING_CATALOGS = YES;
				MTL_ENABLE_DEBUG_INFO = INCLUDE_SOURCE;
				MTL_FAST_MATH = YES;
				ONLY_ACTIVE_ARCH = YES;
				SDKROOT = iphoneos;
				SWIFT_ACTIVE_COMPILATION_CONDITIONS = "DEBUG $(inherited)";
				SWIFT_OPTIMIZATION_LEVEL = "-Onone";
			};
			name = Debug;
		};
		5751BA632B714DC900763193 /* Release */ = {
			isa = XCBuildConfiguration;
			buildSettings = {
				ALWAYS_SEARCH_USER_PATHS = NO;
				ASSETCATALOG_COMPILER_GENERATE_SWIFT_ASSET_SYMBOL_EXTENSIONS = YES;
				CLANG_ANALYZER_NONNULL = YES;
				CLANG_ANALYZER_NUMBER_OBJECT_CONVERSION = YES_AGGRESSIVE;
				CLANG_CXX_LANGUAGE_STANDARD = "gnu++20";
				CLANG_ENABLE_MODULES = YES;
				CLANG_ENABLE_OBJC_ARC = YES;
				CLANG_ENABLE_OBJC_WEAK = YES;
				CLANG_WARN_BLOCK_CAPTURE_AUTORELEASING = YES;
				CLANG_WARN_BOOL_CONVERSION = YES;
				CLANG_WARN_COMMA = YES;
				CLANG_WARN_CONSTANT_CONVERSION = YES;
				CLANG_WARN_DEPRECATED_OBJC_IMPLEMENTATIONS = YES;
				CLANG_WARN_DIRECT_OBJC_ISA_USAGE = YES_ERROR;
				CLANG_WARN_DOCUMENTATION_COMMENTS = YES;
				CLANG_WARN_EMPTY_BODY = YES;
				CLANG_WARN_ENUM_CONVERSION = YES;
				CLANG_WARN_INFINITE_RECURSION = YES;
				CLANG_WARN_INT_CONVERSION = YES;
				CLANG_WARN_NON_LITERAL_NULL_CONVERSION = YES;
				CLANG_WARN_OBJC_IMPLICIT_RETAIN_SELF = YES;
				CLANG_WARN_OBJC_LITERAL_CONVERSION = YES;
				CLANG_WARN_OBJC_ROOT_CLASS = YES_ERROR;
				CLANG_WARN_QUOTED_INCLUDE_IN_FRAMEWORK_HEADER = YES;
				CLANG_WARN_RANGE_LOOP_ANALYSIS = YES;
				CLANG_WARN_STRICT_PROTOTYPES = YES;
				CLANG_WARN_SUSPICIOUS_MOVE = YES;
				CLANG_WARN_UNGUARDED_AVAILABILITY = YES_AGGRESSIVE;
				CLANG_WARN_UNREACHABLE_CODE = YES;
				CLANG_WARN__DUPLICATE_METHOD_MATCH = YES;
				COPY_PHASE_STRIP = NO;
				DEBUG_INFORMATION_FORMAT = "dwarf-with-dsym";
				ENABLE_NS_ASSERTIONS = NO;
				ENABLE_STRICT_OBJC_MSGSEND = YES;
				ENABLE_USER_SCRIPT_SANDBOXING = YES;
				GCC_C_LANGUAGE_STANDARD = gnu17;
				GCC_NO_COMMON_BLOCKS = YES;
				GCC_WARN_64_TO_32_BIT_CONVERSION = YES;
				GCC_WARN_ABOUT_RETURN_TYPE = YES_ERROR;
				GCC_WARN_UNDECLARED_SELECTOR = YES;
				GCC_WARN_UNINITIALIZED_AUTOS = YES_AGGRESSIVE;
				GCC_WARN_UNUSED_FUNCTION = YES;
				GCC_WARN_UNUSED_VARIABLE = YES;
				IPHONEOS_DEPLOYMENT_TARGET = 17.2;
				LOCALIZATION_PREFERS_STRING_CATALOGS = YES;
				MTL_ENABLE_DEBUG_INFO = NO;
				MTL_FAST_MATH = YES;
				SDKROOT = iphoneos;
				SWIFT_COMPILATION_MODE = wholemodule;
				VALIDATE_PRODUCT = YES;
			};
			name = Release;
		};
		5751BA652B714DC900763193 /* Debug */ = {
			isa = XCBuildConfiguration;
			buildSettings = {
				ASSETCATALOG_COMPILER_APPICON_NAME = AppIcon;
				ASSETCATALOG_COMPILER_GLOBAL_ACCENT_COLOR_NAME = AccentColor;
				CODE_SIGN_STYLE = Automatic;
				CURRENT_PROJECT_VERSION = 1;
				DEVELOPMENT_TEAM = D3HK5NNSMA;
				GENERATE_INFOPLIST_FILE = YES;
				INFOPLIST_FILE = GHFollowers/Info.plist;
				INFOPLIST_KEY_UIApplicationSupportsIndirectInputEvents = YES;
				INFOPLIST_KEY_UILaunchStoryboardName = LaunchScreen;
				INFOPLIST_KEY_UISupportedInterfaceOrientations = UIInterfaceOrientationPortrait;
				LD_RUNPATH_SEARCH_PATHS = (
					"$(inherited)",
					"@executable_path/Frameworks",
				);
				MARKETING_VERSION = 1.0;
				PRODUCT_BUNDLE_IDENTIFIER = com.viktortormyshev.GHFollowers;
				PRODUCT_NAME = "$(TARGET_NAME)";
				SUPPORTED_PLATFORMS = "iphoneos iphonesimulator";
				SUPPORTS_MACCATALYST = NO;
				SUPPORTS_MAC_DESIGNED_FOR_IPHONE_IPAD = NO;
				SWIFT_EMIT_LOC_STRINGS = YES;
				SWIFT_VERSION = 5.0;
				TARGETED_DEVICE_FAMILY = 1;
			};
			name = Debug;
		};
		5751BA662B714DC900763193 /* Release */ = {
			isa = XCBuildConfiguration;
			buildSettings = {
				ASSETCATALOG_COMPILER_APPICON_NAME = AppIcon;
				ASSETCATALOG_COMPILER_GLOBAL_ACCENT_COLOR_NAME = AccentColor;
				CODE_SIGN_STYLE = Automatic;
				CURRENT_PROJECT_VERSION = 1;
				DEVELOPMENT_TEAM = D3HK5NNSMA;
				GENERATE_INFOPLIST_FILE = YES;
				INFOPLIST_FILE = GHFollowers/Info.plist;
				INFOPLIST_KEY_UIApplicationSupportsIndirectInputEvents = YES;
				INFOPLIST_KEY_UILaunchStoryboardName = LaunchScreen;
				INFOPLIST_KEY_UISupportedInterfaceOrientations = UIInterfaceOrientationPortrait;
				LD_RUNPATH_SEARCH_PATHS = (
					"$(inherited)",
					"@executable_path/Frameworks",
				);
				MARKETING_VERSION = 1.0;
				PRODUCT_BUNDLE_IDENTIFIER = com.viktortormyshev.GHFollowers;
				PRODUCT_NAME = "$(TARGET_NAME)";
				SUPPORTED_PLATFORMS = "iphoneos iphonesimulator";
				SUPPORTS_MACCATALYST = NO;
				SUPPORTS_MAC_DESIGNED_FOR_IPHONE_IPAD = NO;
				SWIFT_EMIT_LOC_STRINGS = YES;
				SWIFT_VERSION = 5.0;
				TARGETED_DEVICE_FAMILY = 1;
			};
			name = Release;
		};
/* End XCBuildConfiguration section */

/* Begin XCConfigurationList section */
		5751BA4B2B714DC600763193 /* Build configuration list for PBXProject "GHFollowers" */ = {
			isa = XCConfigurationList;
			buildConfigurations = (
				5751BA622B714DC900763193 /* Debug */,
				5751BA632B714DC900763193 /* Release */,
			);
			defaultConfigurationIsVisible = 0;
			defaultConfigurationName = Release;
		};
		5751BA642B714DC900763193 /* Build configuration list for PBXNativeTarget "GHFollowers" */ = {
			isa = XCConfigurationList;
			buildConfigurations = (
				5751BA652B714DC900763193 /* Debug */,
				5751BA662B714DC900763193 /* Release */,
			);
			defaultConfigurationIsVisible = 0;
			defaultConfigurationName = Release;
		};
/* End XCConfigurationList section */
	};
	rootObject = 5751BA482B714DC600763193 /* Project object */;
}
